// !$*UTF8*$!
{
	archiveVersion = 1;
	classes = {
	};
	objectVersion = 77;
	objects = {

/* Begin PBXContainerItemProxy section */
		45BDF83A2EBBBDAD004D91C5 /* PBXContainerItemProxy */ = {
			isa = PBXContainerItemProxy;
			containerPortal = 45BDF8242EBBBDAC004D91C5 /* Project object */;
			proxyType = 1;
			remoteGlobalIDString = 45BDF82B2EBBBDAC004D91C5;
			remoteInfo = "FloraNest Pro";
		};
		45BDF8442EBBBDAD004D91C5 /* PBXContainerItemProxy */ = {
			isa = PBXContainerItemProxy;
			containerPortal = 45BDF8242EBBBDAC004D91C5 /* Project object */;
			proxyType = 1;
			remoteGlobalIDString = 45BDF82B2EBBBDAC004D91C5;
			remoteInfo = "FloraNest Pro";
		};
/* End PBXContainerItemProxy section */

/* Begin PBXFileReference section */
		45BDF82C2EBBBDAC004D91C5 /* FloraNest Pro.app */ = {isa = PBXFileReference; explicitFileType = wrapper.application; includeInIndex = 0; path = "FloraNest Pro.app"; sourceTree = BUILT_PRODUCTS_DIR; };
		45BDF8392EBBBDAD004D91C5 /* FloraNest ProTests.xctest */ = {isa = PBXFileReference; explicitFileType = wrapper.cfbundle; includeInIndex = 0; path = "FloraNest ProTests.xctest"; sourceTree = BUILT_PRODUCTS_DIR; };
		45BDF8432EBBBDAD004D91C5 /* FloraNest ProUITests.xctest */ = {isa = PBXFileReference; explicitFileType = wrapper.cfbundle; includeInIndex = 0; path = "FloraNest ProUITests.xctest"; sourceTree = BUILT_PRODUCTS_DIR; };
/* End PBXFileReference section */

/* Begin PBXFileSystemSynchronizedRootGroup section */
		45BDF82E2EBBBDAC004D91C5 /* FloraNest Pro */ = {
			isa = PBXFileSystemSynchronizedRootGroup;
			path = "FloraNest Pro";
			sourceTree = "<group>";
		};
		45BDF83C2EBBBDAD004D91C5 /* FloraNest ProTests */ = {
			isa = PBXFileSystemSynchronizedRootGroup;
			path = "FloraNest ProTests";
			sourceTree = "<group>";
		};
		45BDF8462EBBBDAD004D91C5 /* FloraNest ProUITests */ = {
			isa = PBXFileSystemSynchronizedRootGroup;
			path = "FloraNest ProUITests";
			sourceTree = "<group>";
		};
/* End PBXFileSystemSynchronizedRootGroup section */

/* Begin PBXFrameworksBuildPhase section */
		45BDF8292EBBBDAC004D91C5 /* Frameworks */ = {
			isa = PBXFrameworksBuildPhase;
			buildActionMask = 2147483647;
			files = (
			);
			runOnlyForDeploymentPostprocessing = 0;
		};
		45BDF8362EBBBDAD004D91C5 /* Frameworks */ = {
			isa = PBXFrameworksBuildPhase;
			buildActionMask = 2147483647;
			files = (
			);
			runOnlyForDeploymentPostprocessing = 0;
		};
		45BDF8402EBBBDAD004D91C5 /* Frameworks */ = {
			isa = PBXFrameworksBuildPhase;
			buildActionMask = 2147483647;
			files = (
			);
			runOnlyForDeploymentPostprocessing = 0;
		};
/* End PBXFrameworksBuildPhase section */

/* Begin PBXGroup section */
		45BDF8232EBBBDAC004D91C5 = {
			isa = PBXGroup;
			children = (
				45BDF82E2EBBBDAC004D91C5 /* FloraNest Pro */,
				45BDF83C2EBBBDAD004D91C5 /* FloraNest ProTests */,
				45BDF8462EBBBDAD004D91C5 /* FloraNest ProUITests */,
				45BDF82D2EBBBDAC004D91C5 /* Products */,
			);
			sourceTree = "<group>";
		};
		45BDF82D2EBBBDAC004D91C5 /* Products */ = {
			isa = PBXGroup;
			children = (
				45BDF82C2EBBBDAC004D91C5 /* FloraNest Pro.app */,
				45BDF8392EBBBDAD004D91C5 /* FloraNest ProTests.xctest */,
				45BDF8432EBBBDAD004D91C5 /* FloraNest ProUITests.xctest */,
			);
			name = Products;
			sourceTree = "<group>";
		};
/* End PBXGroup section */

/* Begin PBXNativeTarget section */
		45BDF82B2EBBBDAC004D91C5 /* FloraNest Pro */ = {
			isa = PBXNativeTarget;
			buildConfigurationList = 45BDF84D2EBBBDAD004D91C5 /* Build configuration list for PBXNativeTarget "FloraNest Pro" */;
			buildPhases = (
				45BDF8282EBBBDAC004D91C5 /* Sources */,
				45BDF8292EBBBDAC004D91C5 /* Frameworks */,
				45BDF82A2EBBBDAC004D91C5 /* Resources */,
			);
			buildRules = (
			);
			dependencies = (
			);
			fileSystemSynchronizedGroups = (
				45BDF82E2EBBBDAC004D91C5 /* FloraNest Pro */,
			);
			name = "FloraNest Pro";
			packageProductDependencies = (
			);
			productName = "FloraNest Pro";
			productReference = 45BDF82C2EBBBDAC004D91C5 /* FloraNest Pro.app */;
			productType = "com.apple.product-type.application";
		};
		45BDF8382EBBBDAD004D91C5 /* FloraNest ProTests */ = {
			isa = PBXNativeTarget;
			buildConfigurationList = 45BDF8502EBBBDAD004D91C5 /* Build configuration list for PBXNativeTarget "FloraNest ProTests" */;
			buildPhases = (
				45BDF8352EBBBDAD004D91C5 /* Sources */,
				45BDF8362EBBBDAD004D91C5 /* Frameworks */,
				45BDF8372EBBBDAD004D91C5 /* Resources */,
			);
			buildRules = (
			);
			dependencies = (
				45BDF83B2EBBBDAD004D91C5 /* PBXTargetDependency */,
			);
			fileSystemSynchronizedGroups = (
				45BDF83C2EBBBDAD004D91C5 /* FloraNest ProTests */,
			);
			name = "FloraNest ProTests";
			packageProductDependencies = (
			);
			productName = "FloraNest ProTests";
			productReference = 45BDF8392EBBBDAD004D91C5 /* FloraNest ProTests.xctest */;
			productType = "com.apple.product-type.bundle.unit-test";
		};
		45BDF8422EBBBDAD004D91C5 /* FloraNest ProUITests */ = {
			isa = PBXNativeTarget;
			buildConfigurationList = 45BDF8532EBBBDAD004D91C5 /* Build configuration list for PBXNativeTarget "FloraNest ProUITests" */;
			buildPhases = (
				45BDF83F2EBBBDAD004D91C5 /* Sources */,
				45BDF8402EBBBDAD004D91C5 /* Frameworks */,
				45BDF8412EBBBDAD004D91C5 /* Resources */,
			);
			buildRules = (
			);
			dependencies = (
				45BDF8452EBBBDAD004D91C5 /* PBXTargetDependency */,
			);
			fileSystemSynchronizedGroups = (
				45BDF8462EBBBDAD004D91C5 /* FloraNest ProUITests */,
			);
			name = "FloraNest ProUITests";
			packageProductDependencies = (
			);
			productName = "FloraNest ProUITests";
			productReference = 45BDF8432EBBBDAD004D91C5 /* FloraNest ProUITests.xctest */;
			productType = "com.apple.product-type.bundle.ui-testing";
		};
/* End PBXNativeTarget section */

/* Begin PBXProject section */
		45BDF8242EBBBDAC004D91C5 /* Project object */ = {
			isa = PBXProject;
			attributes = {
				BuildIndependentTargetsInParallel = 1;
				LastSwiftUpdateCheck = 2600;
				LastUpgradeCheck = 2600;
				TargetAttributes = {
					45BDF82B2EBBBDAC004D91C5 = {
						CreatedOnToolsVersion = 26.0.1;
					};
					45BDF8382EBBBDAD004D91C5 = {
						CreatedOnToolsVersion = 26.0.1;
						TestTargetID = 45BDF82B2EBBBDAC004D91C5;
					};
					45BDF8422EBBBDAD004D91C5 = {
						CreatedOnToolsVersion = 26.0.1;
						TestTargetID = 45BDF82B2EBBBDAC004D91C5;
					};
				};
			};
			buildConfigurationList = 45BDF8272EBBBDAC004D91C5 /* Build configuration list for PBXProject "FloraNest Pro" */;
			developmentRegion = en;
			hasScannedForEncodings = 0;
			knownRegions = (
				en,
				Base,
			);
			mainGroup = 45BDF8232EBBBDAC004D91C5;
			minimizedProjectReferenceProxies = 1;
			preferredProjectObjectVersion = 77;
			productRefGroup = 45BDF82D2EBBBDAC004D91C5 /* Products */;
			projectDirPath = "";
			projectRoot = "";
			targets = (
				45BDF82B2EBBBDAC004D91C5 /* FloraNest Pro */,
				45BDF8382EBBBDAD004D91C5 /* FloraNest ProTests */,
				45BDF8422EBBBDAD004D91C5 /* FloraNest ProUITests */,
			);
		};
/* End PBXProject section */

/* Begin PBXResourcesBuildPhase section */
		45BDF82A2EBBBDAC004D91C5 /* Resources */ = {
			isa = PBXResourcesBuildPhase;
			buildActionMask = 2147483647;
			files = (
			);
			runOnlyForDeploymentPostprocessing = 0;
		};
		45BDF8372EBBBDAD004D91C5 /* Resources */ = {
			isa = PBXResourcesBuildPhase;
			buildActionMask = 2147483647;
			files = (
			);
			runOnlyForDeploymentPostprocessing = 0;
		};
		45BDF8412EBBBDAD004D91C5 /* Resources */ = {
			isa = PBXResourcesBuildPhase;
			buildActionMask = 2147483647;
			files = (
			);
			runOnlyForDeploymentPostprocessing = 0;
		};
/* End PBXResourcesBuildPhase section */

/* Begin PBXSourcesBuildPhase section */
		45BDF8282EBBBDAC004D91C5 /* Sources */ = {
			isa = PBXSourcesBuildPhase;
			buildActionMask = 2147483647;
			files = (
			);
			runOnlyForDeploymentPostprocessing = 0;
		};
		45BDF8352EBBBDAD004D91C5 /* Sources */ = {
			isa = PBXSourcesBuildPhase;
			buildActionMask = 2147483647;
			files = (
			);
			runOnlyForDeploymentPostprocessing = 0;
		};
		45BDF83F2EBBBDAD004D91C5 /* Sources */ = {
			isa = PBXSourcesBuildPhase;
			buildActionMask = 2147483647;
			files = (
			);
			runOnlyForDeploymentPostprocessing = 0;
		};
/* End PBXSourcesBuildPhase section */

/* Begin PBXTargetDependency section */
		45BDF83B2EBBBDAD004D91C5 /* PBXTargetDependency */ = {
			isa = PBXTargetDependency;
			target = 45BDF82B2EBBBDAC004D91C5 /* FloraNest Pro */;
			targetProxy = 45BDF83A2EBBBDAD004D91C5 /* PBXContainerItemProxy */;
		};
		45BDF8452EBBBDAD004D91C5 /* PBXTargetDependency */ = {
			isa = PBXTargetDependency;
			target = 45BDF82B2EBBBDAC004D91C5 /* FloraNest Pro */;
			targetProxy = 45BDF8442EBBBDAD004D91C5 /* PBXContainerItemProxy */;
		};
/* End PBXTargetDependency section */

/* Begin XCBuildConfiguration section */
		45BDF84B2EBBBDAD004D91C5 /* Debug */ = {
			isa = XCBuildConfiguration;
			buildSettings = {
				ALWAYS_SEARCH_USER_PATHS = NO;
				ASSETCATALOG_COMPILER_GENERATE_SWIFT_ASSET_SYMBOL_EXTENSIONS = YES;
				CLANG_ANALYZER_NONNULL = YES;
				CLANG_ANALYZER_NUMBER_OBJECT_CONVERSION = YES_AGGRESSIVE;
				CLANG_CXX_LANGUAGE_STANDARD = "gnu++20";
				CLANG_ENABLE_MODULES = YES;
				CLANG_ENABLE_OBJC_ARC = YES;
				CLANG_ENABLE_OBJC_WEAK = YES;
				CLANG_WARN_BLOCK_CAPTURE_AUTORELEASING = YES;
				CLANG_WARN_BOOL_CONVERSION = YES;
				CLANG_WARN_COMMA = YES;
				CLANG_WARN_CONSTANT_CONVERSION = YES;
				CLANG_WARN_DEPRECATED_OBJC_IMPLEMENTATIONS = YES;
				CLANG_WARN_DIRECT_OBJC_ISA_USAGE = YES_ERROR;
				CLANG_WARN_DOCUMENTATION_COMMENTS = YES;
				CLANG_WARN_EMPTY_BODY = YES;
				CLANG_WARN_ENUM_CONVERSION = YES;
				CLANG_WARN_INFINITE_RECURSION = YES;
				CLANG_WARN_INT_CONVERSION = YES;
				CLANG_WARN_NON_LITERAL_NULL_CONVERSION = YES;
				CLANG_WARN_OBJC_IMPLICIT_RETAIN_SELF = YES;
				CLANG_WARN_OBJC_LITERAL_CONVERSION = YES;
				CLANG_WARN_OBJC_ROOT_CLASS = YES_ERROR;
				CLANG_WARN_QUOTED_INCLUDE_IN_FRAMEWORK_HEADER = YES;
				CLANG_WARN_RANGE_LOOP_ANALYSIS = YES;
				CLANG_WARN_STRICT_PROTOTYPES = YES;
				CLANG_WARN_SUSPICIOUS_MOVE = YES;
				CLANG_WARN_UNGUARDED_AVAILABILITY = YES_AGGRESSIVE;
				CLANG_WARN_UNREACHABLE_CODE = YES;
				CLANG_WARN__DUPLICATE_METHOD_MATCH = YES;
				COPY_PHASE_STRIP = NO;
				DEBUG_INFORMATION_FORMAT = dwarf;
				DEVELOPMENT_TEAM = WNLKRMGL3P;
				ENABLE_STRICT_OBJC_MSGSEND = YES;
				ENABLE_TESTABILITY = YES;
				ENABLE_USER_SCRIPT_SANDBOXING = YES;
				GCC_C_LANGUAGE_STANDARD = gnu17;
				GCC_DYNAMIC_NO_PIC = NO;
				GCC_NO_COMMON_BLOCKS = YES;
				GCC_OPTIMIZATION_LEVEL = 0;
				GCC_PREPROCESSOR_DEFINITIONS = (
					"DEBUG=1",
					"$(inherited)",
				);
				GCC_WARN_64_TO_32_BIT_CONVERSION = YES;
				GCC_WARN_ABOUT_RETURN_TYPE = YES_ERROR;
				GCC_WARN_UNDECLARED_SELECTOR = YES;
				GCC_WARN_UNINITIALIZED_AUTOS = YES_AGGRESSIVE;
				GCC_WARN_UNUSED_FUNCTION = YES;
				GCC_WARN_UNUSED_VARIABLE = YES;
				IPHONEOS_DEPLOYMENT_TARGET = 26.0;
				LOCALIZATION_PREFERS_STRING_CATALOGS = YES;
				MTL_ENABLE_DEBUG_INFO = INCLUDE_SOURCE;
				MTL_FAST_MATH = YES;
				ONLY_ACTIVE_ARCH = YES;
				SDKROOT = iphoneos;
				SWIFT_ACTIVE_COMPILATION_CONDITIONS = "DEBUG $(inherited)";
				SWIFT_OPTIMIZATION_LEVEL = "-Onone";
			};
			name = Debug;
		};
		45BDF84C2EBBBDAD004D91C5 /* Release */ = {
			isa = XCBuildConfiguration;
			buildSettings = {
				ALWAYS_SEARCH_USER_PATHS = NO;
				ASSETCATALOG_COMPILER_GENERATE_SWIFT_ASSET_SYMBOL_EXTENSIONS = YES;
				CLANG_ANALYZER_NONNULL = YES;
				CLANG_ANALYZER_NUMBER_OBJECT_CONVERSION = YES_AGGRESSIVE;
				CLANG_CXX_LANGUAGE_STANDARD = "gnu++20";
				CLANG_ENABLE_MODULES = YES;
				CLANG_ENABLE_OBJC_ARC = YES;
				CLANG_ENABLE_OBJC_WEAK = YES;
				CLANG_WARN_BLOCK_CAPTURE_AUTORELEASING = YES;
				CLANG_WARN_BOOL_CONVERSION = YES;
				CLANG_WARN_COMMA = YES;
				CLANG_WARN_CONSTANT_CONVERSION = YES;
				CLANG_WARN_DEPRECATED_OBJC_IMPLEMENTATIONS = YES;
				CLANG_WARN_DIRECT_OBJC_ISA_USAGE = YES_ERROR;
				CLANG_WARN_DOCUMENTATION_COMMENTS = YES;
				CLANG_WARN_EMPTY_BODY = YES;
				CLANG_WARN_ENUM_CONVERSION = YES;
				CLANG_WARN_INFINITE_RECURSION = YES;
				CLANG_WARN_INT_CONVERSION = YES;
				CLANG_WARN_NON_LITERAL_NULL_CONVERSION = YES;
				CLANG_WARN_OBJC_IMPLICIT_RETAIN_SELF = YES;
				CLANG_WARN_OBJC_LITERAL_CONVERSION = YES;
				CLANG_WARN_OBJC_ROOT_CLASS = YES_ERROR;
				CLANG_WARN_QUOTED_INCLUDE_IN_FRAMEWORK_HEADER = YES;
				CLANG_WARN_RANGE_LOOP_ANALYSIS = YES;
				CLANG_WARN_STRICT_PROTOTYPES = YES;
				CLANG_WARN_SUSPICIOUS_MOVE = YES;
				CLANG_WARN_UNGUARDED_AVAILABILITY = YES_AGGRESSIVE;
				CLANG_WARN_UNREACHABLE_CODE = YES;
				CLANG_WARN__DUPLICATE_METHOD_MATCH = YES;
				COPY_PHASE_STRIP = NO;
				DEBUG_INFORMATION_FORMAT = "dwarf-with-dsym";
				DEVELOPMENT_TEAM = WNLKRMGL3P;
				ENABLE_NS_ASSERTIONS = NO;
				ENABLE_STRICT_OBJC_MSGSEND = YES;
				ENABLE_USER_SCRIPT_SANDBOXING = YES;
				GCC_C_LANGUAGE_STANDARD = gnu17;
				GCC_NO_COMMON_BLOCKS = YES;
				GCC_WARN_64_TO_32_BIT_CONVERSION = YES;
				GCC_WARN_ABOUT_RETURN_TYPE = YES_ERROR;
				GCC_WARN_UNDECLARED_SELECTOR = YES;
				GCC_WARN_UNINITIALIZED_AUTOS = YES_AGGRESSIVE;
				GCC_WARN_UNUSED_FUNCTION = YES;
				GCC_WARN_UNUSED_VARIABLE = YES;
				IPHONEOS_DEPLOYMENT_TARGET = 26.0;
				LOCALIZATION_PREFERS_STRING_CATALOGS = YES;
				MTL_ENABLE_DEBUG_INFO = NO;
				MTL_FAST_MATH = YES;
				SDKROOT = iphoneos;
				SWIFT_COMPILATION_MODE = wholemodule;
				VALIDATE_PRODUCT = YES;
			};
			name = Release;
		};
		45BDF84E2EBBBDAD004D91C5 /* Debug */ = {
			isa = XCBuildConfiguration;
			buildSettings = {
				ASSETCATALOG_COMPILER_APPICON_NAME = AppIcon;
				ASSETCATALOG_COMPILER_GLOBAL_ACCENT_COLOR_NAME = AccentColor;
				CODE_SIGN_STYLE = Automatic;
				CURRENT_PROJECT_VERSION = 1;
				DEVELOPMENT_TEAM = WNLKRMGL3P;
				ENABLE_PREVIEWS = YES;
				GENERATE_INFOPLIST_FILE = YES;
				INFOPLIST_FILE = "FloraNest-Pro-Info.plist";
				INFOPLIST_KEY_UIApplicationSceneManifest_Generation = YES;
				INFOPLIST_KEY_UIApplicationSupportsIndirectInputEvents = YES;
				INFOPLIST_KEY_UILaunchScreen_Generation = YES;
				INFOPLIST_KEY_UISupportedInterfaceOrientations_iPad = "UIInterfaceOrientationPortrait UIInterfaceOrientationPortraitUpsideDown UIInterfaceOrientationLandscapeLeft UIInterfaceOrientationLandscapeRight";
				INFOPLIST_KEY_UISupportedInterfaceOrientations_iPhone = "UIInterfaceOrientationPortrait UIInterfaceOrientationLandscapeLeft UIInterfaceOrientationLandscapeRight";
				LD_RUNPATH_SEARCH_PATHS = (
					"$(inherited)",
					"@executable_path/Frameworks",
				);
				MARKETING_VERSION = 1.0;
				PRODUCT_BUNDLE_IDENTIFIER = "Mae.FloraNest-Pro";
				PRODUCT_NAME = "$(TARGET_NAME)";
				STRING_CATALOG_GENERATE_SYMBOLS = YES;
				SWIFT_APPROACHABLE_CONCURRENCY = YES;
				SWIFT_DEFAULT_ACTOR_ISOLATION = MainActor;
				SWIFT_EMIT_LOC_STRINGS = YES;
				SWIFT_UPCOMING_FEATURE_MEMBER_IMPORT_VISIBILITY = YES;
				SWIFT_VERSION = 5.0;
				TARGETED_DEVICE_FAMILY = "1,2";
			};
			name = Debug;
		};
		45BDF84F2EBBBDAD004D91C5 /* Release */ = {
			isa = XCBuildConfiguration;
			buildSettings = {
				ASSETCATALOG_COMPILER_APPICON_NAME = AppIcon;
				ASSETCATALOG_COMPILER_GLOBAL_ACCENT_COLOR_NAME = AccentColor;
				CODE_SIGN_STYLE = Automatic;
				CURRENT_PROJECT_VERSION = 1;
				DEVELOPMENT_TEAM = WNLKRMGL3P;
				ENABLE_PREVIEWS = YES;
				GENERATE_INFOPLIST_FILE = YES;
				INFOPLIST_FILE = "FloraNest-Pro-Info.plist";
				INFOPLIST_KEY_UIApplicationSceneManifest_Generation = YES;
				INFOPLIST_KEY_UIApplicationSupportsIndirectInputEvents = YES;
				INFOPLIST_KEY_UILaunchScreen_Generation = YES;
				INFOPLIST_KEY_UISupportedInterfaceOrientations_iPad = "UIInterfaceOrientationPortrait UIInterfaceOrientationPortraitUpsideDown UIInterfaceOrientationLandscapeLeft UIInterfaceOrientationLandscapeRight";
				INFOPLIST_KEY_UISupportedInterfaceOrientations_iPhone = "UIInterfaceOrientationPortrait UIInterfaceOrientationLandscapeLeft UIInterfaceOrientationLandscapeRight";
				LD_RUNPATH_SEARCH_PATHS = (
					"$(inherited)",
					"@executable_path/Frameworks",
				);
				MARKETING_VERSION = 1.0;
				PRODUCT_BUNDLE_IDENTIFIER = "Mae.FloraNest-Pro";
				PRODUCT_NAME = "$(TARGET_NAME)";
				STRING_CATALOG_GENERATE_SYMBOLS = YES;
				SWIFT_APPROACHABLE_CONCURRENCY = YES;
				SWIFT_DEFAULT_ACTOR_ISOLATION = MainActor;
				SWIFT_EMIT_LOC_STRINGS = YES;
				SWIFT_UPCOMING_FEATURE_MEMBER_IMPORT_VISIBILITY = YES;
				SWIFT_VERSION = 5.0;
				TARGETED_DEVICE_FAMILY = "1,2";
			};
			name = Release;
		};
		45BDF8512EBBBDAD004D91C5 /* Debug */ = {
			isa = XCBuildConfiguration;
			buildSettings = {
				BUNDLE_LOADER = "$(TEST_HOST)";
				CODE_SIGN_STYLE = Automatic;
				CURRENT_PROJECT_VERSION = 1;
				DEVELOPMENT_TEAM = WNLKRMGL3P;
				GENERATE_INFOPLIST_FILE = YES;
				IPHONEOS_DEPLOYMENT_TARGET = 26.0;
				MARKETING_VERSION = 1.0;
				PRODUCT_BUNDLE_IDENTIFIER = "Mae.FloraNest-ProTests";
				PRODUCT_NAME = "$(TARGET_NAME)";
				STRING_CATALOG_GENERATE_SYMBOLS = NO;
				SWIFT_APPROACHABLE_CONCURRENCY = YES;
				SWIFT_EMIT_LOC_STRINGS = NO;
				SWIFT_UPCOMING_FEATURE_MEMBER_IMPORT_VISIBILITY = YES;
				SWIFT_VERSION = 5.0;
				TARGETED_DEVICE_FAMILY = "1,2";
				TEST_HOST = "$(BUILT_PRODUCTS_DIR)/FloraNest Pro.app/$(BUNDLE_EXECUTABLE_FOLDER_PATH)/FloraNest Pro";
			};
			name = Debug;
		};
		45BDF8522EBBBDAD004D91C5 /* Release */ = {
			isa = XCBuildConfiguration;
			buildSettings = {
				BUNDLE_LOADER = "$(TEST_HOST)";
				CODE_SIGN_STYLE = Automatic;
				CURRENT_PROJECT_VERSION = 1;
				DEVELOPMENT_TEAM = WNLKRMGL3P;
				GENERATE_INFOPLIST_FILE = YES;
				IPHONEOS_DEPLOYMENT_TARGET = 26.0;
				MARKETING_VERSION = 1.0;
				PRODUCT_BUNDLE_IDENTIFIER = "Mae.FloraNest-ProTests";
				PRODUCT_NAME = "$(TARGET_NAME)";
				STRING_CATALOG_GENERATE_SYMBOLS = NO;
				SWIFT_APPROACHABLE_CONCURRENCY = YES;
				SWIFT_EMIT_LOC_STRINGS = NO;
				SWIFT_UPCOMING_FEATURE_MEMBER_IMPORT_VISIBILITY = YES;
				SWIFT_VERSION = 5.0;
				TARGETED_DEVICE_FAMILY = "1,2";
				TEST_HOST = "$(BUILT_PRODUCTS_DIR)/FloraNest Pro.app/$(BUNDLE_EXECUTABLE_FOLDER_PATH)/FloraNest Pro";
			};
			name = Release;
		};
		45BDF8542EBBBDAD004D91C5 /* Debug */ = {
			isa = XCBuildConfiguration;
			buildSettings = {
				CODE_SIGN_STYLE = Automatic;
				CURRENT_PROJECT_VERSION = 1;
				DEVELOPMENT_TEAM = WNLKRMGL3P;
				GENERATE_INFOPLIST_FILE = YES;
				MARKETING_VERSION = 1.0;
				PRODUCT_BUNDLE_IDENTIFIER = "Mae.FloraNest-ProUITests";
				PRODUCT_NAME = "$(TARGET_NAME)";
				STRING_CATALOG_GENERATE_SYMBOLS = NO;
				SWIFT_APPROACHABLE_CONCURRENCY = YES;
				SWIFT_EMIT_LOC_STRINGS = NO;
				SWIFT_UPCOMING_FEATURE_MEMBER_IMPORT_VISIBILITY = YES;
				SWIFT_VERSION = 5.0;
				TARGETED_DEVICE_FAMILY = "1,2";
				TEST_TARGET_NAME = "FloraNest Pro";
			};
			name = Debug;
		};
		45BDF8552EBBBDAD004D91C5 /* Release */ = {
			isa = XCBuildConfiguration;
			buildSettings = {
				CODE_SIGN_STYLE = Automatic;
				CURRENT_PROJECT_VERSION = 1;
				DEVELOPMENT_TEAM = WNLKRMGL3P;
				GENERATE_INFOPLIST_FILE = YES;
				MARKETING_VERSION = 1.0;
				PRODUCT_BUNDLE_IDENTIFIER = "Mae.FloraNest-ProUITests";
				PRODUCT_NAME = "$(TARGET_NAME)";
				STRING_CATALOG_GENERATE_SYMBOLS = NO;
				SWIFT_APPROACHABLE_CONCURRENCY = YES;
				SWIFT_EMIT_LOC_STRINGS = NO;
				SWIFT_UPCOMING_FEATURE_MEMBER_IMPORT_VISIBILITY = YES;
				SWIFT_VERSION = 5.0;
				TARGETED_DEVICE_FAMILY = "1,2";
				TEST_TARGET_NAME = "FloraNest Pro";
			};
			name = Release;
		};
/* End XCBuildConfiguration section */

/* Begin XCConfigurationList section */
		45BDF8272EBBBDAC004D91C5 /* Build configuration list for PBXProject "FloraNest Pro" */ = {
			isa = XCConfigurationList;
			buildConfigurations = (
				45BDF84B2EBBBDAD004D91C5 /* Debug */,
				45BDF84C2EBBBDAD004D91C5 /* Release */,
			);
			defaultConfigurationIsVisible = 0;
			defaultConfigurationName = Release;
		};
		45BDF84D2EBBBDAD004D91C5 /* Build configuration list for PBXNativeTarget "FloraNest Pro" */ = {
			isa = XCConfigurationList;
			buildConfigurations = (
				45BDF84E2EBBBDAD004D91C5 /* Debug */,
				45BDF84F2EBBBDAD004D91C5 /* Release */,
			);
			defaultConfigurationIsVisible = 0;
			defaultConfigurationName = Release;
		};
		45BDF8502EBBBDAD004D91C5 /* Build configuration list for PBXNativeTarget "FloraNest ProTests" */ = {
			isa = XCConfigurationList;
			buildConfigurations = (
				45BDF8512EBBBDAD004D91C5 /* Debug */,
				45BDF8522EBBBDAD004D91C5 /* Release */,
			);
			defaultConfigurationIsVisible = 0;
			defaultConfigurationName = Release;
		};
		45BDF8532EBBBDAD004D91C5 /* Build configuration list for PBXNativeTarget "FloraNest ProUITests" */ = {
			isa = XCConfigurationList;
			buildConfigurations = (
				45BDF8542EBBBDAD004D91C5 /* Debug */,
				45BDF8552EBBBDAD004D91C5 /* Release */,
			);
			defaultConfigurationIsVisible = 0;
			defaultConfigurationName = Release;
		};
/* End XCConfigurationList section */
	};
	rootObject = 45BDF8242EBBBDAC004D91C5 /* Project object */;
}
